# This file was autogenerated by Stack.
# You should not edit this file by hand.
# For more information, please see the documentation at:
#   https://docs.haskellstack.org/en/stable/lock_files

packages:
- completed:
    hackage: gio-0.13.4.1@sha256:f14f81f2f1068ec18bb5b8164a5421c3da2743442210ec73bf9d9c095dfb41bd,3074
    pantry-tree:
      size: 2036
      sha256: 220439f23868523e5ea7a95a38f1f987ca362c1d1d7a54547984dba6e875f680
  original:
    hackage: gio-0.13.4.1
- completed:
    hackage: gtk-0.14.7@sha256:2b8669a3b7003d4ab906bc942d1c7ee783a0c3c6f54e9fb7c80b86df2fa35f14,16562
    pantry-tree:
      size: 21349
      sha256: 0f43fb4fac69cfd2262a5ae1b6eb82621f6327dd3d64dd9fdfccf36b458875cd
  original:
    hackage: gtk-0.14.7
- completed:
    hackage: matrix-0.3.6.1@sha256:96ab17d9a959cd5c0e9e6db5bc48069dba5f6fa17f7f4aea838d22f35e7bc047,1941
    pantry-tree:
      size: 417
      sha256: f04e95e139e7463809a1e30204f339a9b7938cf0aa54c74f68ac788aad3e316d
  original:
    hackage: matrix-0.3.6.1
snapshots:
- completed:
    size: 506654
    url: https://raw.githubusercontent.com/commercialhaskell/stackage-snapshots/master/lts/11/2.yaml
    sha256: 16bf823de040aa30863f26aab473f13477721aa0172514fc9b4041724b0534fb
  original: lts-11.2
